
Microsoft Visual Studio Solution File, Format Version 12.00
# Visual Studio Version 16
VisualStudioVersion = 16.0.29306.81
MinimumVisualStudioVersion = 10.0.40219.1
Project("{FAE04EC0-301F-11D3-BF4B-00C04F79EFBC}") = "FakenewsApplication", "FakenewsApplicatoin\FakenewsApplication.csproj", "{001CE015-1E7C-484C-B0D8-D0EE7568F218}"
EndProject
Global
	GlobalSection(SolutionConfigurationPlatforms) = preSolution
		Debug|Any CPU = Debug|Any CPU
		Release|Any CPU = Release|Any CPU
	EndGlobalSection
	GlobalSection(ProjectConfigurationPlatforms) = postSolution
		{001CE015-1E7C-484C-B0D8-D0EE7568F218}.Debug|Any CPU.ActiveCfg = Debug|Any CPU
		{001CE015-1E7C-484C-B0D8-D0EE7568F218}.Debug|Any CPU.Build.0 = Debug|Any CPU
		{001CE015-1E7C-484C-B0D8-D0EE7568F218}.Release|Any CPU.ActiveCfg = Release|Any CPU
		{001CE015-1E7C-484C-B0D8-D0EE7568F218}.Release|Any CPU.Build.0 = Release|Any CPU
	EndGlobalSection
	GlobalSection(SolutionProperties) = preSolution
		HideSolutionNode = FALSE
	EndGlobalSection
	GlobalSection(ExtensibilityGlobals) = postSolution
		SolutionGuid = {7AB58612-3BB7-4036-BAD5-D392B790E2CA}
	EndGlobalSection
EndGlobal
